{
  "version": 4,
  "terraform_version": "1.7.5",
  "serial": 29,
  "lineage": "43c344ab-4ba3-6b8e-cd82-154cb97eb06e",
  "outputs": {},
  "resources": [
    {
      "mode": "managed",
      "type": "helm_release",
      "name": "argocd",
      "provider": "provider[\"registry.terraform.io/hashicorp/helm\"]",
      "instances": [
        {
          "schema_version": 1,
          "attributes": {
            "atomic": false,
            "chart": "argo-cd",
            "cleanup_on_fail": false,
            "create_namespace": false,
            "dependency_update": false,
            "description": null,
            "devel": null,
            "disable_crd_hooks": false,
            "disable_openapi_validation": false,
            "disable_webhooks": false,
            "force_update": false,
            "id": "argocd",
            "keyring": null,
            "lint": false,
            "manifest": null,
            "max_history": 0,
            "metadata": [
              {
                "app_version": "v2.2.5",
                "chart": "argo-cd",
                "first_deployed": 1726204376,
                "last_deployed": 1726204376,
                "name": "argocd",
                "namespace": "argocd",
                "notes": "\nIn order to access the server UI you have the following options:\n\n1. kubectl port-forward service/argocd-server -n argocd 8080:443\n\n    and then open the browser on http://localhost:8080 and accept the certificate\n\n2. enable ingress in the values file `server.ingress.enabled` and either\n      - Add the annotation for ssl passthrough: https://github.com/argoproj/argo-cd/blob/master/docs/operator-manual/ingress.md#option-1-ssl-passthrough\n      - Add the `--insecure` flag to `server.extraArgs` in the values file and terminate SSL at your ingress: https://github.com/argoproj/argo-cd/blob/master/docs/operator-manual/ingress.md#option-2-multiple-ingress-objects-and-hosts\n\n\nAfter reaching the UI the first time you can login with username: admin and the random password generated during the installation. You can find the password by running:\n\nkubectl -n argocd get secret argocd-initial-admin-secret -o jsonpath=\"{.data.password}\" | base64 -d\n\n(You should delete the initial secret afterwards as suggested by the Getting Started Guide: https://github.com/argoproj/argo-cd/blob/master/docs/getting_started.md#4-login-using-the-cli)\n",
                "revision": 1,
                "values": "{\"applicationSet\":{\"image\":{\"repository\":\"https://github.com/tereza-arta/argo-apps.git\"},\"name\":\"app-set-in-main\",\"replicas\":1},\"configs\":{\"cm\":{\"dex.config\":\"connectors:\\n  - type: github\\n    id: github\\n    name: GitHub\\n    config:\\n      clientID: $oauth-app-cred:client_id\\n      clientSecret: $oauth-app-cred:client_secret\\n\",\"url\":\"https://192.168.61.120\"}},\"server\":{\"service\":{\"type\":\"LoadBalancer\"}}}",
                "version": "3.35.4"
              }
            ],
            "name": "argocd",
            "namespace": "argocd",
            "pass_credentials": false,
            "postrender": [],
            "recreate_pods": false,
            "render_subchart_notes": true,
            "replace": false,
            "repository": "https://argoproj.github.io/argo-helm",
            "repository_ca_file": null,
            "repository_cert_file": null,
            "repository_key_file": null,
            "repository_password": null,
            "repository_username": null,
            "reset_values": false,
            "reuse_values": false,
            "set": [],
            "set_list": [],
            "set_sensitive": [],
            "skip_crds": false,
            "status": "deployed",
            "timeout": 300,
            "upgrade_install": null,
            "values": [
              "configs:\n  cm:\n    url: https://192.168.61.120\n\n    #admin.enabled: false\n\n    dex.config: |\n      connectors:\n        - type: github\n          id: github\n          name: GitHub\n          config:\n            clientID: $oauth-app-cred:client_id\n            clientSecret: $oauth-app-cred:client_secret\n\n#Change \u003cargocd-server\u003e service type\nserver:\n  service:\n    type: LoadBalancer\n\napplicationSet:\n  name: app-set-in-main\n  replicas: 1\n  image:\n    repository: \"https://github.com/tereza-arta/argo-apps.git\"\n"
            ],
            "verify": false,
            "version": "3.35.4",
            "wait": true,
            "wait_for_jobs": false
          },
          "sensitive_attributes": [],
          "private": "eyJzY2hlbWFfdmVyc2lvbiI6IjEifQ==",
          "dependencies": [
            "helm_release.metallb",
            "kubectl_manifest.namespace_argo",
            "kubectl_manifest.namespace_ing",
            "kubectl_manifest.namespace_mlb",
            "null_resource.install_ingress"
          ]
        }
      ]
    },
    {
      "mode": "managed",
      "type": "helm_release",
      "name": "metallb",
      "provider": "provider[\"registry.terraform.io/hashicorp/helm\"]",
      "instances": [
        {
          "schema_version": 1,
          "attributes": {
            "atomic": false,
            "chart": "metallb",
            "cleanup_on_fail": false,
            "create_namespace": false,
            "dependency_update": false,
            "description": null,
            "devel": null,
            "disable_crd_hooks": false,
            "disable_openapi_validation": false,
            "disable_webhooks": false,
            "force_update": false,
            "id": "metallb",
            "keyring": null,
            "lint": false,
            "manifest": null,
            "max_history": 0,
            "metadata": [
              {
                "app_version": "v0.14.8",
                "chart": "metallb",
                "first_deployed": 1726204304,
                "last_deployed": 1726204304,
                "name": "metallb",
                "namespace": "metallb-system",
                "notes": "MetalLB is now running in the cluster.\n\nNow you can configure it via its CRs. Please refer to the metallb official docs\non how to use the CRs.\n",
                "revision": 1,
                "values": "{}",
                "version": "0.14.8"
              }
            ],
            "name": "metallb",
            "namespace": "metallb-system",
            "pass_credentials": false,
            "postrender": [],
            "recreate_pods": false,
            "render_subchart_notes": true,
            "replace": false,
            "repository": "https://metallb.github.io/metallb",
            "repository_ca_file": null,
            "repository_cert_file": null,
            "repository_key_file": null,
            "repository_password": null,
            "repository_username": null,
            "reset_values": false,
            "reuse_values": false,
            "set": [],
            "set_list": [],
            "set_sensitive": [],
            "skip_crds": false,
            "status": "deployed",
            "timeout": 300,
            "upgrade_install": null,
            "values": null,
            "verify": false,
            "version": "0.14.8",
            "wait": true,
            "wait_for_jobs": false
          },
          "sensitive_attributes": [],
          "private": "eyJzY2hlbWFfdmVyc2lvbiI6IjEifQ==",
          "dependencies": [
            "kubectl_manifest.namespace_ing",
            "kubectl_manifest.namespace_mlb",
            "null_resource.install_ingress"
          ]
        }
      ]
    },
    {
      "mode": "managed",
      "type": "kubectl_manifest",
      "name": "addr_pool",
      "provider": "provider[\"registry.terraform.io/alekc/kubectl\"]",
      "instances": [
        {
          "schema_version": 1,
          "attributes": {
            "api_version": "metallb.io/v1beta1",
            "apply_only": false,
            "field_manager": "kubectl",
            "force_conflicts": false,
            "force_new": false,
            "id": "/apis/metallb.io/v1beta1/namespaces/metallb-system/ipaddresspools/addr-pool",
            "ignore_fields": null,
            "kind": "IPAddressPool",
            "live_manifest_incluster": "b2a49cda993b0e1bc7eeeedd4d4277eaaf8d43d94ddabc2b53ac42cd8e6fe71d",
            "live_uid": "a381eb46-9965-4f99-b4e6-55170e3d8e47",
            "name": "addr-pool",
            "namespace": "metallb-system",
            "override_namespace": null,
            "sensitive_fields": null,
            "server_side_apply": false,
            "timeouts": null,
            "uid": "a381eb46-9965-4f99-b4e6-55170e3d8e47",
            "validate_schema": true,
            "wait": null,
            "wait_for": [],
            "wait_for_rollout": true,
            "yaml_body": "\napiVersion: metallb.io/v1beta1\nkind: IPAddressPool\nmetadata:\n  name: addr-pool\n  namespace: metallb-system\nspec:\n  addresses:\n  - 192.168.39.220-192.168.39.230\n\n",
            "yaml_body_parsed": "apiVersion: metallb.io/v1beta1\nkind: IPAddressPool\nmetadata:\n  name: addr-pool\n  namespace: metallb-system\nspec:\n  addresses:\n  - 192.168.39.220-192.168.39.230\n",
            "yaml_incluster": "b2a49cda993b0e1bc7eeeedd4d4277eaaf8d43d94ddabc2b53ac42cd8e6fe71d"
          },
          "sensitive_attributes": [],
          "private": "eyJlMmJmYjczMC1lY2FhLTExZTYtOGY4OC0zNDM2M2JjN2M0YzAiOnsiY3JlYXRlIjo2MDAwMDAwMDAwMDB9LCJzY2hlbWFfdmVyc2lvbiI6IjEifQ==",
          "dependencies": [
            "helm_release.metallb",
            "kubectl_manifest.namespace_ing",
            "kubectl_manifest.namespace_mlb",
            "null_resource.install_ingress"
          ]
        }
      ]
    },
    {
      "mode": "managed",
      "type": "kubectl_manifest",
      "name": "app_set",
      "provider": "provider[\"registry.terraform.io/alekc/kubectl\"]",
      "instances": [
        {
          "schema_version": 1,
          "attributes": {
            "api_version": "argoproj.io/v1alpha1",
            "apply_only": false,
            "field_manager": "kubectl",
            "force_conflicts": false,
            "force_new": false,
            "id": "/apis/argoproj.io/v1alpha1/namespaces/argocd/applicationsets/git-generator",
            "ignore_fields": null,
            "kind": "ApplicationSet",
            "live_manifest_incluster": "388dfdb412dc56091b22b69ce1a52139ab79394c29a547357b11af0cd7bc8c67",
            "live_uid": "9f221054-3f82-4002-a95b-9568b625be69",
            "name": "git-generator",
            "namespace": "argocd",
            "override_namespace": null,
            "sensitive_fields": null,
            "server_side_apply": false,
            "timeouts": null,
            "uid": "9f221054-3f82-4002-a95b-9568b625be69",
            "validate_schema": true,
            "wait": null,
            "wait_for": [],
            "wait_for_rollout": true,
            "yaml_body": "\napiVersion: argoproj.io/v1alpha1\nkind: ApplicationSet\nmetadata:\n  name: git-generator\n  namespace: argocd\nspec:\n  generators:\n  - git:\n      repoURL: https://github.com/tereza-arta/argo-apps.git\n      revision: main\n      directories:\n      - path: gen/res/apps/*\n  template:\n    metadata:\n      name: '{{path.basename}}-application'\n    spec:\n      project: default\n      source:\n        repoURL: https://github.com/tereza-arta/argo-apps.git\n        targetRevision: main\n        path: '{{path}}'\n      destination:\n        server: https://kubernetes.default.svc\n      syncPolicy:\n        automated:\n          prune: true\n          selfHeal: true\n          allowEmpty: false\n\n",
            "yaml_body_parsed": "apiVersion: argoproj.io/v1alpha1\nkind: ApplicationSet\nmetadata:\n  name: git-generator\n  namespace: argocd\nspec:\n  generators:\n  - git:\n      directories:\n      - path: gen/res/apps/*\n      repoURL: https://github.com/tereza-arta/argo-apps.git\n      revision: main\n  template:\n    metadata:\n      name: '{{path.basename}}-application'\n    spec:\n      destination:\n        server: https://kubernetes.default.svc\n      project: default\n      source:\n        path: '{{path}}'\n        repoURL: https://github.com/tereza-arta/argo-apps.git\n        targetRevision: main\n      syncPolicy:\n        automated:\n          allowEmpty: false\n          prune: true\n          selfHeal: true\n",
            "yaml_incluster": "388dfdb412dc56091b22b69ce1a52139ab79394c29a547357b11af0cd7bc8c67"
          },
          "sensitive_attributes": [],
          "private": "eyJlMmJmYjczMC1lY2FhLTExZTYtOGY4OC0zNDM2M2JjN2M0YzAiOnsiY3JlYXRlIjo2MDAwMDAwMDAwMDB9LCJzY2hlbWFfdmVyc2lvbiI6IjEifQ==",
          "dependencies": [
            "helm_release.argocd",
            "helm_release.metallb",
            "kubectl_manifest.namespace_argo",
            "kubectl_manifest.namespace_ing",
            "kubectl_manifest.namespace_mlb",
            "null_resource.install_app_set_crd",
            "null_resource.install_ingress"
          ]
        }
      ]
    },
    {
      "mode": "managed",
      "type": "kubectl_manifest",
      "name": "l2_adv",
      "provider": "provider[\"registry.terraform.io/alekc/kubectl\"]",
      "instances": [
        {
          "schema_version": 1,
          "attributes": {
            "api_version": "metallb.io/v1beta1",
            "apply_only": false,
            "field_manager": "kubectl",
            "force_conflicts": false,
            "force_new": false,
            "id": "/apis/metallb.io/v1beta1/namespaces/metallb-system/l2advertisements/l2-adv",
            "ignore_fields": null,
            "kind": "L2Advertisement",
            "live_manifest_incluster": "eb248eda5ca68eb4650b73c1218c829116560c72596f250153898d479e01f8cb",
            "live_uid": "0dcec225-3e15-404d-aea9-d89b72681278",
            "name": "l2-adv",
            "namespace": "metallb-system",
            "override_namespace": null,
            "sensitive_fields": null,
            "server_side_apply": false,
            "timeouts": null,
            "uid": "0dcec225-3e15-404d-aea9-d89b72681278",
            "validate_schema": true,
            "wait": null,
            "wait_for": [],
            "wait_for_rollout": true,
            "yaml_body": "\napiVersion: metallb.io/v1beta1\nkind: L2Advertisement\nmetadata:\n  name: l2-adv\n  namespace: metallb-system\nspec:\n  ipAddressPools:\n  - addr-pool\n\n",
            "yaml_body_parsed": "apiVersion: metallb.io/v1beta1\nkind: L2Advertisement\nmetadata:\n  name: l2-adv\n  namespace: metallb-system\nspec:\n  ipAddressPools:\n  - addr-pool\n",
            "yaml_incluster": "eb248eda5ca68eb4650b73c1218c829116560c72596f250153898d479e01f8cb"
          },
          "sensitive_attributes": [],
          "private": "eyJlMmJmYjczMC1lY2FhLTExZTYtOGY4OC0zNDM2M2JjN2M0YzAiOnsiY3JlYXRlIjo2MDAwMDAwMDAwMDB9LCJzY2hlbWFfdmVyc2lvbiI6IjEifQ==",
          "dependencies": [
            "helm_release.metallb",
            "kubectl_manifest.addr_pool",
            "kubectl_manifest.namespace_ing",
            "kubectl_manifest.namespace_mlb",
            "null_resource.install_ingress"
          ]
        }
      ]
    },
    {
      "mode": "managed",
      "type": "kubectl_manifest",
      "name": "namespace_argo",
      "provider": "provider[\"registry.terraform.io/alekc/kubectl\"]",
      "instances": [
        {
          "schema_version": 1,
          "attributes": {
            "api_version": "v1",
            "apply_only": false,
            "field_manager": "kubectl",
            "force_conflicts": false,
            "force_new": false,
            "id": "/api/v1/namespaces/argocd",
            "ignore_fields": null,
            "kind": "Namespace",
            "live_manifest_incluster": "2449e8fa4de40702cdf4e033022e0508e27a3066f1e22b4158bbde0284cb80ac",
            "live_uid": "89b4d955-8871-422c-aa74-c9c380063e9e",
            "name": "argocd",
            "namespace": null,
            "override_namespace": null,
            "sensitive_fields": null,
            "server_side_apply": false,
            "timeouts": null,
            "uid": "89b4d955-8871-422c-aa74-c9c380063e9e",
            "validate_schema": true,
            "wait": null,
            "wait_for": [],
            "wait_for_rollout": true,
            "yaml_body": "\napiVersion: v1\nkind: Namespace\nmetadata:\n  name: argocd\n\n",
            "yaml_body_parsed": "apiVersion: v1\nkind: Namespace\nmetadata:\n  name: argocd\n",
            "yaml_incluster": "2449e8fa4de40702cdf4e033022e0508e27a3066f1e22b4158bbde0284cb80ac"
          },
          "sensitive_attributes": [],
          "private": "eyJlMmJmYjczMC1lY2FhLTExZTYtOGY4OC0zNDM2M2JjN2M0YzAiOnsiY3JlYXRlIjo2MDAwMDAwMDAwMDB9LCJzY2hlbWFfdmVyc2lvbiI6IjEifQ==",
          "dependencies": [
            "helm_release.metallb",
            "kubectl_manifest.namespace_ing",
            "kubectl_manifest.namespace_mlb",
            "null_resource.install_ingress"
          ]
        }
      ]
    },
    {
      "mode": "managed",
      "type": "kubectl_manifest",
      "name": "namespace_ing",
      "provider": "provider[\"registry.terraform.io/alekc/kubectl\"]",
      "instances": [
        {
          "schema_version": 1,
          "attributes": {
            "api_version": "v1",
            "apply_only": false,
            "field_manager": "kubectl",
            "force_conflicts": false,
            "force_new": false,
            "id": "/api/v1/namespaces/ingress-nginx",
            "ignore_fields": null,
            "kind": "Namespace",
            "live_manifest_incluster": "e388b088e4b41fa7e3de9fcb29db3ac3bc719eeba3f1be9163931aab0dd9adfb",
            "live_uid": "ac6202f6-9c2e-4cf6-81ad-3f8bae06c34f",
            "name": "ingress-nginx",
            "namespace": null,
            "override_namespace": null,
            "sensitive_fields": null,
            "server_side_apply": false,
            "timeouts": null,
            "uid": "ac6202f6-9c2e-4cf6-81ad-3f8bae06c34f",
            "validate_schema": true,
            "wait": null,
            "wait_for": [],
            "wait_for_rollout": true,
            "yaml_body": "\napiVersion: v1\nkind: Namespace\nmetadata:\n  name: ingress-nginx\n\n",
            "yaml_body_parsed": "apiVersion: v1\nkind: Namespace\nmetadata:\n  name: ingress-nginx\n",
            "yaml_incluster": "e388b088e4b41fa7e3de9fcb29db3ac3bc719eeba3f1be9163931aab0dd9adfb"
          },
          "sensitive_attributes": [],
          "private": "eyJlMmJmYjczMC1lY2FhLTExZTYtOGY4OC0zNDM2M2JjN2M0YzAiOnsiY3JlYXRlIjo2MDAwMDAwMDAwMDB9LCJzY2hlbWFfdmVyc2lvbiI6IjEifQ=="
        }
      ]
    },
    {
      "mode": "managed",
      "type": "kubectl_manifest",
      "name": "namespace_mlb",
      "provider": "provider[\"registry.terraform.io/alekc/kubectl\"]",
      "instances": [
        {
          "schema_version": 1,
          "attributes": {
            "api_version": "v1",
            "apply_only": false,
            "field_manager": "kubectl",
            "force_conflicts": false,
            "force_new": false,
            "id": "/api/v1/namespaces/metallb-system",
            "ignore_fields": null,
            "kind": "Namespace",
            "live_manifest_incluster": "7ead7fefe4fe022ba68cfe29e4dcfbf1b90134180bac84287cfcb2497fb4abb4",
            "live_uid": "fe8e408d-d128-4208-abcf-9c7d9fd4c75b",
            "name": "metallb-system",
            "namespace": null,
            "override_namespace": null,
            "sensitive_fields": null,
            "server_side_apply": false,
            "timeouts": null,
            "uid": "fe8e408d-d128-4208-abcf-9c7d9fd4c75b",
            "validate_schema": true,
            "wait": null,
            "wait_for": [],
            "wait_for_rollout": true,
            "yaml_body": "\napiVersion: v1\nkind: Namespace\nmetadata:\n  name: metallb-system\n\n",
            "yaml_body_parsed": "apiVersion: v1\nkind: Namespace\nmetadata:\n  name: metallb-system\n",
            "yaml_incluster": "7ead7fefe4fe022ba68cfe29e4dcfbf1b90134180bac84287cfcb2497fb4abb4"
          },
          "sensitive_attributes": [],
          "private": "eyJlMmJmYjczMC1lY2FhLTExZTYtOGY4OC0zNDM2M2JjN2M0YzAiOnsiY3JlYXRlIjo2MDAwMDAwMDAwMDB9LCJzY2hlbWFfdmVyc2lvbiI6IjEifQ==",
          "dependencies": [
            "kubectl_manifest.namespace_ing",
            "null_resource.install_ingress"
          ]
        }
      ]
    },
    {
      "mode": "managed",
      "type": "null_resource",
      "name": "install_app_set_crd",
      "provider": "provider[\"registry.terraform.io/hashicorp/null\"]",
      "instances": [
        {
          "schema_version": 0,
          "attributes": {
            "id": "8180828504365097722",
            "triggers": null
          },
          "sensitive_attributes": [],
          "dependencies": [
            "helm_release.argocd",
            "helm_release.metallb",
            "kubectl_manifest.namespace_argo",
            "kubectl_manifest.namespace_ing",
            "kubectl_manifest.namespace_mlb",
            "null_resource.install_ingress"
          ]
        }
      ]
    },
    {
      "mode": "managed",
      "type": "null_resource",
      "name": "install_ingress",
      "provider": "provider[\"registry.terraform.io/hashicorp/null\"]",
      "instances": [
        {
          "schema_version": 0,
          "attributes": {
            "id": "2134664585867303933",
            "triggers": null
          },
          "sensitive_attributes": [],
          "dependencies": [
            "kubectl_manifest.namespace_ing"
          ]
        }
      ]
    }
  ],
  "check_results": null
}
