{
  "version": 4,
  "terraform_version": "1.7.5",
  "serial": 14,
  "lineage": "43c344ab-4ba3-6b8e-cd82-154cb97eb06e",
  "outputs": {},
  "resources": [
    {
      "mode": "managed",
      "type": "kubectl_manifest",
      "name": "namespace_ing",
      "provider": "provider[\"registry.terraform.io/alekc/kubectl\"]",
      "instances": [
        {
          "schema_version": 1,
          "attributes": {
            "api_version": "v1",
            "apply_only": false,
            "field_manager": "kubectl",
            "force_conflicts": false,
            "force_new": false,
            "id": "/api/v1/namespaces/ingress-nginx",
            "ignore_fields": null,
            "kind": "Namespace",
            "live_manifest_incluster": "e388b088e4b41fa7e3de9fcb29db3ac3bc719eeba3f1be9163931aab0dd9adfb",
            "live_uid": "bb0717d5-029a-4398-b19d-a8140f4b9332",
            "name": "ingress-nginx",
            "namespace": null,
            "override_namespace": null,
            "sensitive_fields": null,
            "server_side_apply": false,
            "timeouts": null,
            "uid": "bb0717d5-029a-4398-b19d-a8140f4b9332",
            "validate_schema": true,
            "wait": null,
            "wait_for": [],
            "wait_for_rollout": true,
            "yaml_body": "\napiVersion: v1\nkind: Namespace\nmetadata:\n  name: ingress-nginx\n\n",
            "yaml_body_parsed": "apiVersion: v1\nkind: Namespace\nmetadata:\n  name: ingress-nginx\n",
            "yaml_incluster": "e388b088e4b41fa7e3de9fcb29db3ac3bc719eeba3f1be9163931aab0dd9adfb"
          },
          "sensitive_attributes": [],
          "private": "eyJlMmJmYjczMC1lY2FhLTExZTYtOGY4OC0zNDM2M2JjN2M0YzAiOnsiY3JlYXRlIjo2MDAwMDAwMDAwMDB9LCJzY2hlbWFfdmVyc2lvbiI6IjEifQ=="
        }
      ]
    },
    {
      "mode": "managed",
      "type": "kubectl_manifest",
      "name": "namespace_mlb",
      "provider": "provider[\"registry.terraform.io/alekc/kubectl\"]",
      "instances": [
        {
          "schema_version": 1,
          "attributes": {
            "api_version": "v1",
            "apply_only": false,
            "field_manager": "kubectl",
            "force_conflicts": false,
            "force_new": false,
            "id": "/api/v1/namespaces/metallb-system",
            "ignore_fields": null,
            "kind": "Namespace",
            "live_manifest_incluster": "7ead7fefe4fe022ba68cfe29e4dcfbf1b90134180bac84287cfcb2497fb4abb4",
            "live_uid": "0375a70a-6b2d-41e4-971d-cdb3664ca7eb",
            "name": "metallb-system",
            "namespace": null,
            "override_namespace": null,
            "sensitive_fields": null,
            "server_side_apply": false,
            "timeouts": null,
            "uid": "0375a70a-6b2d-41e4-971d-cdb3664ca7eb",
            "validate_schema": true,
            "wait": null,
            "wait_for": [],
            "wait_for_rollout": true,
            "yaml_body": "\napiVersion: v1\nkind: Namespace\nmetadata:\n  name: metallb-system\n\n",
            "yaml_body_parsed": "apiVersion: v1\nkind: Namespace\nmetadata:\n  name: metallb-system\n",
            "yaml_incluster": "7ead7fefe4fe022ba68cfe29e4dcfbf1b90134180bac84287cfcb2497fb4abb4"
          },
          "sensitive_attributes": [],
          "private": "eyJlMmJmYjczMC1lY2FhLTExZTYtOGY4OC0zNDM2M2JjN2M0YzAiOnsiY3JlYXRlIjo2MDAwMDAwMDAwMDB9LCJzY2hlbWFfdmVyc2lvbiI6IjEifQ==",
          "dependencies": [
            "kubectl_manifest.namespace_ing",
            "null_resource.install_ingress"
          ]
        }
      ]
    },
    {
      "mode": "managed",
      "type": "null_resource",
      "name": "install_ingress",
      "provider": "provider[\"registry.terraform.io/hashicorp/null\"]",
      "instances": [
        {
          "schema_version": 0,
          "attributes": {
            "id": "5764087736850110138",
            "triggers": null
          },
          "sensitive_attributes": [],
          "dependencies": [
            "kubectl_manifest.namespace_ing"
          ]
        }
      ]
    }
  ],
  "check_results": null
}
